
Microsoft Visual Studio Solution File, Format Version 12.00
# Visual Studio Version 17
VisualStudioVersion = 17.3.32901.215
MinimumVisualStudioVersion = 10.0.40219.1
Project("{FAE04EC0-301F-11D3-BF4B-00C04F79EFBC}") = "aplikacj1", "aplikacj1\aplikacj1.csproj", "{C91E6D50-E308-4CA0-9065-76D6A6D9DA9B}"
EndProject
Global
	GlobalSection(SolutionConfigurationPlatforms) = preSolution
		Debug|Any CPU = Debug|Any CPU
		Release|Any CPU = Release|Any CPU
	EndGlobalSection
	GlobalSection(ProjectConfigurationPlatforms) = postSolution
		{C91E6D50-E308-4CA0-9065-76D6A6D9DA9B}.Debug|Any CPU.ActiveCfg = Debug|Any CPU
		{C91E6D50-E308-4CA0-9065-76D6A6D9DA9B}.Debug|Any CPU.Build.0 = Debug|Any CPU
		{C91E6D50-E308-4CA0-9065-76D6A6D9DA9B}.Release|Any CPU.ActiveCfg = Release|Any CPU
		{C91E6D50-E308-4CA0-9065-76D6A6D9DA9B}.Release|Any CPU.Build.0 = Release|Any CPU
	EndGlobalSection
	GlobalSection(SolutionProperties) = preSolution
		HideSolutionNode = FALSE
	EndGlobalSection
	GlobalSection(ExtensibilityGlobals) = postSolution
		SolutionGuid = {0CAE2B86-B82B-443C-8F3D-C1325719B03D}
	EndGlobalSection
EndGlobal
